
Microsoft Visual Studio Solution File, Format Version 12.00
# Visual Studio Version 16
VisualStudioVersion = 16.0.29418.71
MinimumVisualStudioVersion = 10.0.40219.1
Project("{FAE04EC0-301F-11D3-BF4B-00C04F79EFBC}") = "HashSetExercise", "HashSetExercise\HashSetExercise.csproj", "{03E9BDC1-1694-4DF7-BBC4-B5C6E73BE085}"
EndProject
Global
	GlobalSection(SolutionConfigurationPlatforms) = preSolution
		Debug|Any CPU = Debug|Any CPU
		Release|Any CPU = Release|Any CPU
	EndGlobalSection
	GlobalSection(ProjectConfigurationPlatforms) = postSolution
		{03E9BDC1-1694-4DF7-BBC4-B5C6E73BE085}.Debug|Any CPU.ActiveCfg = Debug|Any CPU
		{03E9BDC1-1694-4DF7-BBC4-B5C6E73BE085}.Debug|Any CPU.Build.0 = Debug|Any CPU
		{03E9BDC1-1694-4DF7-BBC4-B5C6E73BE085}.Release|Any CPU.ActiveCfg = Release|Any CPU
		{03E9BDC1-1694-4DF7-BBC4-B5C6E73BE085}.Release|Any CPU.Build.0 = Release|Any CPU
	EndGlobalSection
	GlobalSection(SolutionProperties) = preSolution
		HideSolutionNode = FALSE
	EndGlobalSection
	GlobalSection(ExtensibilityGlobals) = postSolution
		SolutionGuid = {8C355457-2200-41E0-A9EB-101C7F8CE7F3}
	EndGlobalSection
EndGlobal
