
Microsoft Visual Studio Solution File, Format Version 12.00
# Visual Studio Version 16
VisualStudioVersion = 16.0.29418.71
MinimumVisualStudioVersion = 10.0.40219.1
Project("{FAE04EC0-301F-11D3-BF4B-00C04F79EFBC}") = "WorkerContracts", "WorkerContracts\WorkerContracts.csproj", "{765B95E3-94CE-4301-B17C-2DBAF089160F}"
EndProject
Global
	GlobalSection(SolutionConfigurationPlatforms) = preSolution
		Debug|Any CPU = Debug|Any CPU
		Release|Any CPU = Release|Any CPU
	EndGlobalSection
	GlobalSection(ProjectConfigurationPlatforms) = postSolution
		{765B95E3-94CE-4301-B17C-2DBAF089160F}.Debug|Any CPU.ActiveCfg = Debug|Any CPU
		{765B95E3-94CE-4301-B17C-2DBAF089160F}.Debug|Any CPU.Build.0 = Debug|Any CPU
		{765B95E3-94CE-4301-B17C-2DBAF089160F}.Release|Any CPU.ActiveCfg = Release|Any CPU
		{765B95E3-94CE-4301-B17C-2DBAF089160F}.Release|Any CPU.Build.0 = Release|Any CPU
	EndGlobalSection
	GlobalSection(SolutionProperties) = preSolution
		HideSolutionNode = FALSE
	EndGlobalSection
	GlobalSection(ExtensibilityGlobals) = postSolution
		SolutionGuid = {619367DF-E576-4D03-82DE-8A85244A39B6}
	EndGlobalSection
EndGlobal
