
Microsoft Visual Studio Solution File, Format Version 12.00
# Visual Studio Version 16
VisualStudioVersion = 16.0.29418.71
MinimumVisualStudioVersion = 10.0.40219.1
Project("{FAE04EC0-301F-11D3-BF4B-00C04F79EFBC}") = "CourseL04E05", "CourseL04E05\CourseL04E05.csproj", "{1708F34C-3DC2-4473-9993-D3A9344F2DCF}"
EndProject
Global
	GlobalSection(SolutionConfigurationPlatforms) = preSolution
		Debug|Any CPU = Debug|Any CPU
		Release|Any CPU = Release|Any CPU
	EndGlobalSection
	GlobalSection(ProjectConfigurationPlatforms) = postSolution
		{1708F34C-3DC2-4473-9993-D3A9344F2DCF}.Debug|Any CPU.ActiveCfg = Debug|Any CPU
		{1708F34C-3DC2-4473-9993-D3A9344F2DCF}.Debug|Any CPU.Build.0 = Debug|Any CPU
		{1708F34C-3DC2-4473-9993-D3A9344F2DCF}.Release|Any CPU.ActiveCfg = Release|Any CPU
		{1708F34C-3DC2-4473-9993-D3A9344F2DCF}.Release|Any CPU.Build.0 = Release|Any CPU
	EndGlobalSection
	GlobalSection(SolutionProperties) = preSolution
		HideSolutionNode = FALSE
	EndGlobalSection
	GlobalSection(ExtensibilityGlobals) = postSolution
		SolutionGuid = {64D3A0EC-8824-4C7C-B07E-9721A332A4D6}
	EndGlobalSection
EndGlobal
