
Microsoft Visual Studio Solution File, Format Version 12.00
# Visual Studio Version 16
VisualStudioVersion = 16.0.29418.71
MinimumVisualStudioVersion = 10.0.40219.1
Project("{FAE04EC0-301F-11D3-BF4B-00C04F79EFBC}") = "RoomRentalVector", "RoomRentalVector\RoomRentalVector.csproj", "{EAAD72A0-6A02-4A03-8A0E-893CF7D59D60}"
EndProject
Global
	GlobalSection(SolutionConfigurationPlatforms) = preSolution
		Debug|Any CPU = Debug|Any CPU
		Release|Any CPU = Release|Any CPU
	EndGlobalSection
	GlobalSection(ProjectConfigurationPlatforms) = postSolution
		{EAAD72A0-6A02-4A03-8A0E-893CF7D59D60}.Debug|Any CPU.ActiveCfg = Debug|Any CPU
		{EAAD72A0-6A02-4A03-8A0E-893CF7D59D60}.Debug|Any CPU.Build.0 = Debug|Any CPU
		{EAAD72A0-6A02-4A03-8A0E-893CF7D59D60}.Release|Any CPU.ActiveCfg = Release|Any CPU
		{EAAD72A0-6A02-4A03-8A0E-893CF7D59D60}.Release|Any CPU.Build.0 = Release|Any CPU
	EndGlobalSection
	GlobalSection(SolutionProperties) = preSolution
		HideSolutionNode = FALSE
	EndGlobalSection
	GlobalSection(ExtensibilityGlobals) = postSolution
		SolutionGuid = {F35A128F-157E-417D-A92F-8BCB79355794}
	EndGlobalSection
EndGlobal
