
Microsoft Visual Studio Solution File, Format Version 12.00
# Visual Studio Version 16
VisualStudioVersion = 16.0.29418.71
MinimumVisualStudioVersion = 10.0.40219.1
Project("{FAE04EC0-301F-11D3-BF4B-00C04F79EFBC}") = "CourseL04E02", "CourseL04E02\CourseL04E02.csproj", "{4873DC41-2F0F-41BD-A6A9-FE67C6309A9D}"
EndProject
Global
	GlobalSection(SolutionConfigurationPlatforms) = preSolution
		Debug|Any CPU = Debug|Any CPU
		Release|Any CPU = Release|Any CPU
	EndGlobalSection
	GlobalSection(ProjectConfigurationPlatforms) = postSolution
		{4873DC41-2F0F-41BD-A6A9-FE67C6309A9D}.Debug|Any CPU.ActiveCfg = Debug|Any CPU
		{4873DC41-2F0F-41BD-A6A9-FE67C6309A9D}.Debug|Any CPU.Build.0 = Debug|Any CPU
		{4873DC41-2F0F-41BD-A6A9-FE67C6309A9D}.Release|Any CPU.ActiveCfg = Release|Any CPU
		{4873DC41-2F0F-41BD-A6A9-FE67C6309A9D}.Release|Any CPU.Build.0 = Release|Any CPU
	EndGlobalSection
	GlobalSection(SolutionProperties) = preSolution
		HideSolutionNode = FALSE
	EndGlobalSection
	GlobalSection(ExtensibilityGlobals) = postSolution
		SolutionGuid = {350D05BD-AA35-4431-9B9E-033E6A77FBBE}
	EndGlobalSection
EndGlobal
