
Microsoft Visual Studio Solution File, Format Version 12.00
# Visual Studio Version 16
VisualStudioVersion = 16.0.29418.71
MinimumVisualStudioVersion = 10.0.40219.1
Project("{FAE04EC0-301F-11D3-BF4B-00C04F79EFBC}") = "BankAccount", "BankAccount\BankAccount.csproj", "{02F3F509-3F0B-48C6-A812-5100ABE33446}"
EndProject
Global
	GlobalSection(SolutionConfigurationPlatforms) = preSolution
		Debug|Any CPU = Debug|Any CPU
		Release|Any CPU = Release|Any CPU
	EndGlobalSection
	GlobalSection(ProjectConfigurationPlatforms) = postSolution
		{02F3F509-3F0B-48C6-A812-5100ABE33446}.Debug|Any CPU.ActiveCfg = Debug|Any CPU
		{02F3F509-3F0B-48C6-A812-5100ABE33446}.Debug|Any CPU.Build.0 = Debug|Any CPU
		{02F3F509-3F0B-48C6-A812-5100ABE33446}.Release|Any CPU.ActiveCfg = Release|Any CPU
		{02F3F509-3F0B-48C6-A812-5100ABE33446}.Release|Any CPU.Build.0 = Release|Any CPU
	EndGlobalSection
	GlobalSection(SolutionProperties) = preSolution
		HideSolutionNode = FALSE
	EndGlobalSection
	GlobalSection(ExtensibilityGlobals) = postSolution
		SolutionGuid = {0CDDE733-94C3-440D-B5D3-D32E64A10F86}
	EndGlobalSection
EndGlobal
