
Microsoft Visual Studio Solution File, Format Version 12.00
# Visual Studio Version 16
VisualStudioVersion = 16.0.30011.22
MinimumVisualStudioVersion = 10.0.40219.1
Project("{FAE04EC0-301F-11D3-BF4B-00C04F79EFBC}") = "ConsoleApp1", "ConsoleApp1\ConsoleApp1.csproj", "{CE18C736-09FE-46CB-ACB2-703EAFC5BF7A}"
EndProject
Global
	GlobalSection(SolutionConfigurationPlatforms) = preSolution
		Debug|Any CPU = Debug|Any CPU
		Release|Any CPU = Release|Any CPU
	EndGlobalSection
	GlobalSection(ProjectConfigurationPlatforms) = postSolution
		{CE18C736-09FE-46CB-ACB2-703EAFC5BF7A}.Debug|Any CPU.ActiveCfg = Debug|Any CPU
		{CE18C736-09FE-46CB-ACB2-703EAFC5BF7A}.Debug|Any CPU.Build.0 = Debug|Any CPU
		{CE18C736-09FE-46CB-ACB2-703EAFC5BF7A}.Release|Any CPU.ActiveCfg = Release|Any CPU
		{CE18C736-09FE-46CB-ACB2-703EAFC5BF7A}.Release|Any CPU.Build.0 = Release|Any CPU
	EndGlobalSection
	GlobalSection(SolutionProperties) = preSolution
		HideSolutionNode = FALSE
	EndGlobalSection
	GlobalSection(ExtensibilityGlobals) = postSolution
		SolutionGuid = {087A79EE-C88B-443C-BCA8-ADBBF27AEA7E}
	EndGlobalSection
EndGlobal
