
Microsoft Visual Studio Solution File, Format Version 12.00
# Visual Studio Version 16
VisualStudioVersion = 16.0.29418.71
MinimumVisualStudioVersion = 10.0.40219.1
Project("{FAE04EC0-301F-11D3-BF4B-00C04F79EFBC}") = "OrderManagement", "OrderManagement\OrderManagement.csproj", "{0C716F39-243E-4A5D-999D-574933E2738E}"
EndProject
Global
	GlobalSection(SolutionConfigurationPlatforms) = preSolution
		Debug|Any CPU = Debug|Any CPU
		Release|Any CPU = Release|Any CPU
	EndGlobalSection
	GlobalSection(ProjectConfigurationPlatforms) = postSolution
		{0C716F39-243E-4A5D-999D-574933E2738E}.Debug|Any CPU.ActiveCfg = Debug|Any CPU
		{0C716F39-243E-4A5D-999D-574933E2738E}.Debug|Any CPU.Build.0 = Debug|Any CPU
		{0C716F39-243E-4A5D-999D-574933E2738E}.Release|Any CPU.ActiveCfg = Release|Any CPU
		{0C716F39-243E-4A5D-999D-574933E2738E}.Release|Any CPU.Build.0 = Release|Any CPU
	EndGlobalSection
	GlobalSection(SolutionProperties) = preSolution
		HideSolutionNode = FALSE
	EndGlobalSection
	GlobalSection(ExtensibilityGlobals) = postSolution
		SolutionGuid = {AC960D43-391A-47E5-82D1-1D3C617705AA}
	EndGlobalSection
EndGlobal
