
Microsoft Visual Studio Solution File, Format Version 12.00
# Visual Studio Version 16
VisualStudioVersion = 16.0.29418.71
MinimumVisualStudioVersion = 10.0.40219.1
Project("{FAE04EC0-301F-11D3-BF4B-00C04F79EFBC}") = "MatrixOperations", "MatrixOperations\MatrixOperations.csproj", "{56E49848-9A17-4580-86F3-0ABF53AA8BC8}"
EndProject
Global
	GlobalSection(SolutionConfigurationPlatforms) = preSolution
		Debug|Any CPU = Debug|Any CPU
		Release|Any CPU = Release|Any CPU
	EndGlobalSection
	GlobalSection(ProjectConfigurationPlatforms) = postSolution
		{56E49848-9A17-4580-86F3-0ABF53AA8BC8}.Debug|Any CPU.ActiveCfg = Debug|Any CPU
		{56E49848-9A17-4580-86F3-0ABF53AA8BC8}.Debug|Any CPU.Build.0 = Debug|Any CPU
		{56E49848-9A17-4580-86F3-0ABF53AA8BC8}.Release|Any CPU.ActiveCfg = Release|Any CPU
		{56E49848-9A17-4580-86F3-0ABF53AA8BC8}.Release|Any CPU.Build.0 = Release|Any CPU
	EndGlobalSection
	GlobalSection(SolutionProperties) = preSolution
		HideSolutionNode = FALSE
	EndGlobalSection
	GlobalSection(ExtensibilityGlobals) = postSolution
		SolutionGuid = {A0A807F5-6D33-44A1-9199-7B2748F50B29}
	EndGlobalSection
EndGlobal
